
Microsoft Visual Studio Solution File, Format Version 12.00
# Visual Studio Version 17
VisualStudioVersion = 17.0.31903.59
MinimumVisualStudioVersion = 10.0.40219.1
Project("{FAE04EC0-301F-11D3-BF4B-00C04F79EFBC}") = "EarningsSignal.Api", "EarningsSignal.Api\EarningsSignal.Api.csproj", "{7FFB384F-25D5-4288-BA2B-DD37AA060959}"
EndProject
Project("{FAE04EC0-301F-11D3-BF4B-00C04F79EFBC}") = "EarningsSignal.Domain", "EarningsSignal.Domain\EarningsSignal.Domain.csproj", "{E572918C-DD2A-401F-AC26-BBB2A6FD0158}"
EndProject
Project("{FAE04EC0-301F-11D3-BF4B-00C04F79EFBC}") = "EarningsSignal.Application", "EarningsSignal.Application\EarningsSignal.Application.csproj", "{F505F15D-3926-442C-B247-D81611B94707}"
EndProject
Project("{FAE04EC0-301F-11D3-BF4B-00C04F79EFBC}") = "EarningsSignal.Infrastructure", "EarningsSignal.Infrastructure\EarningsSignal.Infrastructure.csproj", "{8337764A-2C1D-495C-A30A-B0E5EF22C589}"
EndProject
Project("{FAE04EC0-301F-11D3-BF4B-00C04F79EFBC}") = "EarningsSignal.Tests", "EarningsSignal.Tests\EarningsSignal.Tests.csproj", "{224E3085-8AEA-46DC-82ED-5891CCA64E80}"
EndProject
Global
	GlobalSection(SolutionConfigurationPlatforms) = preSolution
		Debug|Any CPU = Debug|Any CPU
		Release|Any CPU = Release|Any CPU
	EndGlobalSection
	GlobalSection(SolutionProperties) = preSolution
		HideSolutionNode = FALSE
	EndGlobalSection
	GlobalSection(ProjectConfigurationPlatforms) = postSolution
		{7FFB384F-25D5-4288-BA2B-DD37AA060959}.Debug|Any CPU.ActiveCfg = Debug|Any CPU
		{7FFB384F-25D5-4288-BA2B-DD37AA060959}.Debug|Any CPU.Build.0 = Debug|Any CPU
		{7FFB384F-25D5-4288-BA2B-DD37AA060959}.Release|Any CPU.ActiveCfg = Release|Any CPU
		{7FFB384F-25D5-4288-BA2B-DD37AA060959}.Release|Any CPU.Build.0 = Release|Any CPU
		{E572918C-DD2A-401F-AC26-BBB2A6FD0158}.Debug|Any CPU.ActiveCfg = Debug|Any CPU
		{E572918C-DD2A-401F-AC26-BBB2A6FD0158}.Debug|Any CPU.Build.0 = Debug|Any CPU
		{E572918C-DD2A-401F-AC26-BBB2A6FD0158}.Release|Any CPU.ActiveCfg = Release|Any CPU
		{E572918C-DD2A-401F-AC26-BBB2A6FD0158}.Release|Any CPU.Build.0 = Release|Any CPU
		{F505F15D-3926-442C-B247-D81611B94707}.Debug|Any CPU.ActiveCfg = Debug|Any CPU
		{F505F15D-3926-442C-B247-D81611B94707}.Debug|Any CPU.Build.0 = Debug|Any CPU
		{F505F15D-3926-442C-B247-D81611B94707}.Release|Any CPU.ActiveCfg = Release|Any CPU
		{F505F15D-3926-442C-B247-D81611B94707}.Release|Any CPU.Build.0 = Release|Any CPU
		{8337764A-2C1D-495C-A30A-B0E5EF22C589}.Debug|Any CPU.ActiveCfg = Debug|Any CPU
		{8337764A-2C1D-495C-A30A-B0E5EF22C589}.Debug|Any CPU.Build.0 = Debug|Any CPU
		{8337764A-2C1D-495C-A30A-B0E5EF22C589}.Release|Any CPU.ActiveCfg = Release|Any CPU
		{8337764A-2C1D-495C-A30A-B0E5EF22C589}.Release|Any CPU.Build.0 = Release|Any CPU
		{224E3085-8AEA-46DC-82ED-5891CCA64E80}.Debug|Any CPU.ActiveCfg = Debug|Any CPU
		{224E3085-8AEA-46DC-82ED-5891CCA64E80}.Debug|Any CPU.Build.0 = Debug|Any CPU
		{224E3085-8AEA-46DC-82ED-5891CCA64E80}.Release|Any CPU.ActiveCfg = Release|Any CPU
		{224E3085-8AEA-46DC-82ED-5891CCA64E80}.Release|Any CPU.Build.0 = Release|Any CPU
	EndGlobalSection
EndGlobal
